
Microsoft Visual Studio Solution File, Format Version 12.00
# Visual Studio Version 16
VisualStudioVersion = 16.0.29613.14
MinimumVisualStudioVersion = 10.0.40219.1
Project("{FAE04EC0-301F-11D3-BF4B-00C04F79EFBC}") = "MyNotes.UWP", "MyNotes\MyNotes.UWP\MyNotes.UWP.csproj", "{72C654F1-4619-49C0-A186-1ECC3A32F56F}"
EndProject
Project("{FAE04EC0-301F-11D3-BF4B-00C04F79EFBC}") = "MyNotes.Android", "MyNotes\MyNotes.Android\MyNotes.Android.csproj", "{AAEB6548-210C-47DF-B5CB-E8A28B573762}"
EndProject
Project("{FAE04EC0-301F-11D3-BF4B-00C04F79EFBC}") = "MyNotes.iOS", "MyNotes\MyNotes.iOS\MyNotes.iOS.csproj", "{3489EAE9-AF21-4441-82C9-34AE64399215}"
EndProject
Project("{FAE04EC0-301F-11D3-BF4B-00C04F79EFBC}") = "MyNotes", "MyNotes\MyNotes\MyNotes.csproj", "{5C43ACB9-7DF0-44AF-ABA6-874E02BE6FE7}"
EndProject
Global
	GlobalSection(SolutionConfigurationPlatforms) = preSolution
		Debug|Any CPU = Debug|Any CPU
		Debug|ARM = Debug|ARM
		Debug|iPhone = Debug|iPhone
		Debug|iPhoneSimulator = Debug|iPhoneSimulator
		Debug|x64 = Debug|x64
		Debug|x86 = Debug|x86
		Release|Any CPU = Release|Any CPU
		Release|ARM = Release|ARM
		Release|iPhone = Release|iPhone
		Release|iPhoneSimulator = Release|iPhoneSimulator
		Release|x64 = Release|x64
		Release|x86 = Release|x86
	EndGlobalSection
	GlobalSection(ProjectConfigurationPlatforms) = postSolution
		{72C654F1-4619-49C0-A186-1ECC3A32F56F}.Debug|Any CPU.ActiveCfg = Debug|x86
		{72C654F1-4619-49C0-A186-1ECC3A32F56F}.Debug|Any CPU.Build.0 = Debug|x86
		{72C654F1-4619-49C0-A186-1ECC3A32F56F}.Debug|Any CPU.Deploy.0 = Debug|x86
		{72C654F1-4619-49C0-A186-1ECC3A32F56F}.Debug|ARM.ActiveCfg = Debug|ARM
		{72C654F1-4619-49C0-A186-1ECC3A32F56F}.Debug|ARM.Build.0 = Debug|ARM
		{72C654F1-4619-49C0-A186-1ECC3A32F56F}.Debug|ARM.Deploy.0 = Debug|ARM
		{72C654F1-4619-49C0-A186-1ECC3A32F56F}.Debug|iPhone.ActiveCfg = Debug|x86
		{72C654F1-4619-49C0-A186-1ECC3A32F56F}.Debug|iPhone.Build.0 = Debug|x86
		{72C654F1-4619-49C0-A186-1ECC3A32F56F}.Debug|iPhone.Deploy.0 = Debug|x86
		{72C654F1-4619-49C0-A186-1ECC3A32F56F}.Debug|iPhoneSimulator.ActiveCfg = Debug|x86
		{72C654F1-4619-49C0-A186-1ECC3A32F56F}.Debug|iPhoneSimulator.Build.0 = Debug|x86
		{72C654F1-4619-49C0-A186-1ECC3A32F56F}.Debug|iPhoneSimulator.Deploy.0 = Debug|x86
		{72C654F1-4619-49C0-A186-1ECC3A32F56F}.Debug|x64.ActiveCfg = Debug|x64
		{72C654F1-4619-49C0-A186-1ECC3A32F56F}.Debug|x64.Build.0 = Debug|x64
		{72C654F1-4619-49C0-A186-1ECC3A32F56F}.Debug|x64.Deploy.0 = Debug|x64
		{72C654F1-4619-49C0-A186-1ECC3A32F56F}.Debug|x86.ActiveCfg = Debug|x86
		{72C654F1-4619-49C0-A186-1ECC3A32F56F}.Debug|x86.Build.0 = Debug|x86
		{72C654F1-4619-49C0-A186-1ECC3A32F56F}.Debug|x86.Deploy.0 = Debug|x86
		{72C654F1-4619-49C0-A186-1ECC3A32F56F}.Release|Any CPU.ActiveCfg = Release|x86
		{72C654F1-4619-49C0-A186-1ECC3A32F56F}.Release|Any CPU.Build.0 = Release|x86
		{72C654F1-4619-49C0-A186-1ECC3A32F56F}.Release|Any CPU.Deploy.0 = Release|x86
		{72C654F1-4619-49C0-A186-1ECC3A32F56F}.Release|ARM.ActiveCfg = Release|ARM
		{72C654F1-4619-49C0-A186-1ECC3A32F56F}.Release|ARM.Build.0 = Release|ARM
		{72C654F1-4619-49C0-A186-1ECC3A32F56F}.Release|ARM.Deploy.0 = Release|ARM
		{72C654F1-4619-49C0-A186-1ECC3A32F56F}.Release|iPhone.ActiveCfg = Release|x86
		{72C654F1-4619-49C0-A186-1ECC3A32F56F}.Release|iPhone.Build.0 = Release|x86
		{72C654F1-4619-49C0-A186-1ECC3A32F56F}.Release|iPhone.Deploy.0 = Release|x86
		{72C654F1-4619-49C0-A186-1ECC3A32F56F}.Release|iPhoneSimulator.ActiveCfg = Release|x86
		{72C654F1-4619-49C0-A186-1ECC3A32F56F}.Release|iPhoneSimulator.Build.0 = Release|x86
		{72C654F1-4619-49C0-A186-1ECC3A32F56F}.Release|iPhoneSimulator.Deploy.0 = Release|x86
		{72C654F1-4619-49C0-A186-1ECC3A32F56F}.Release|x64.ActiveCfg = Release|x64
		{72C654F1-4619-49C0-A186-1ECC3A32F56F}.Release|x64.Build.0 = Release|x64
		{72C654F1-4619-49C0-A186-1ECC3A32F56F}.Release|x64.Deploy.0 = Release|x64
		{72C654F1-4619-49C0-A186-1ECC3A32F56F}.Release|x86.ActiveCfg = Release|x86
		{72C654F1-4619-49C0-A186-1ECC3A32F56F}.Release|x86.Build.0 = Release|x86
		{72C654F1-4619-49C0-A186-1ECC3A32F56F}.Release|x86.Deploy.0 = Release|x86
		{AAEB6548-210C-47DF-B5CB-E8A28B573762}.Debug|Any CPU.ActiveCfg = Debug|Any CPU
		{AAEB6548-210C-47DF-B5CB-E8A28B573762}.Debug|Any CPU.Build.0 = Debug|Any CPU
		{AAEB6548-210C-47DF-B5CB-E8A28B573762}.Debug|Any CPU.Deploy.0 = Debug|Any CPU
		{AAEB6548-210C-47DF-B5CB-E8A28B573762}.Debug|ARM.ActiveCfg = Debug|Any CPU
		{AAEB6548-210C-47DF-B5CB-E8A28B573762}.Debug|ARM.Build.0 = Debug|Any CPU
		{AAEB6548-210C-47DF-B5CB-E8A28B573762}.Debug|ARM.Deploy.0 = Debug|Any CPU
		{AAEB6548-210C-47DF-B5CB-E8A28B573762}.Debug|iPhone.ActiveCfg = Debug|Any CPU
		{AAEB6548-210C-47DF-B5CB-E8A28B573762}.Debug|iPhone.Build.0 = Debug|Any CPU
		{AAEB6548-210C-47DF-B5CB-E8A28B573762}.Debug|iPhone.Deploy.0 = Debug|Any CPU
		{AAEB6548-210C-47DF-B5CB-E8A28B573762}.Debug|iPhoneSimulator.ActiveCfg = Debug|Any CPU
		{AAEB6548-210C-47DF-B5CB-E8A28B573762}.Debug|iPhoneSimulator.Build.0 = Debug|Any CPU
		{AAEB6548-210C-47DF-B5CB-E8A28B573762}.Debug|iPhoneSimulator.Deploy.0 = Debug|Any CPU
		{AAEB6548-210C-47DF-B5CB-E8A28B573762}.Debug|x64.ActiveCfg = Debug|Any CPU
		{AAEB6548-210C-47DF-B5CB-E8A28B573762}.Debug|x64.Build.0 = Debug|Any CPU
		{AAEB6548-210C-47DF-B5CB-E8A28B573762}.Debug|x64.Deploy.0 = Debug|Any CPU
		{AAEB6548-210C-47DF-B5CB-E8A28B573762}.Debug|x86.ActiveCfg = Debug|Any CPU
		{AAEB6548-210C-47DF-B5CB-E8A28B573762}.Debug|x86.Build.0 = Debug|Any CPU
		{AAEB6548-210C-47DF-B5CB-E8A28B573762}.Debug|x86.Deploy.0 = Debug|Any CPU
		{AAEB6548-210C-47DF-B5CB-E8A28B573762}.Release|Any CPU.ActiveCfg = Release|Any CPU
		{AAEB6548-210C-47DF-B5CB-E8A28B573762}.Release|Any CPU.Build.0 = Release|Any CPU
		{AAEB6548-210C-47DF-B5CB-E8A28B573762}.Release|Any CPU.Deploy.0 = Release|Any CPU
		{AAEB6548-210C-47DF-B5CB-E8A28B573762}.Release|ARM.ActiveCfg = Release|Any CPU
		{AAEB6548-210C-47DF-B5CB-E8A28B573762}.Release|ARM.Build.0 = Release|Any CPU
		{AAEB6548-210C-47DF-B5CB-E8A28B573762}.Release|ARM.Deploy.0 = Release|Any CPU
		{AAEB6548-210C-47DF-B5CB-E8A28B573762}.Release|iPhone.ActiveCfg = Release|Any CPU
		{AAEB6548-210C-47DF-B5CB-E8A28B573762}.Release|iPhone.Build.0 = Release|Any CPU
		{AAEB6548-210C-47DF-B5CB-E8A28B573762}.Release|iPhone.Deploy.0 = Release|Any CPU
		{AAEB6548-210C-47DF-B5CB-E8A28B573762}.Release|iPhoneSimulator.ActiveCfg = Release|Any CPU
		{AAEB6548-210C-47DF-B5CB-E8A28B573762}.Release|iPhoneSimulator.Build.0 = Release|Any CPU
		{AAEB6548-210C-47DF-B5CB-E8A28B573762}.Release|iPhoneSimulator.Deploy.0 = Release|Any CPU
		{AAEB6548-210C-47DF-B5CB-E8A28B573762}.Release|x64.ActiveCfg = Release|Any CPU
		{AAEB6548-210C-47DF-B5CB-E8A28B573762}.Release|x64.Build.0 = Release|Any CPU
		{AAEB6548-210C-47DF-B5CB-E8A28B573762}.Release|x64.Deploy.0 = Release|Any CPU
		{AAEB6548-210C-47DF-B5CB-E8A28B573762}.Release|x86.ActiveCfg = Release|Any CPU
		{AAEB6548-210C-47DF-B5CB-E8A28B573762}.Release|x86.Build.0 = Release|Any CPU
		{AAEB6548-210C-47DF-B5CB-E8A28B573762}.Release|x86.Deploy.0 = Release|Any CPU
		{3489EAE9-AF21-4441-82C9-34AE64399215}.Debug|Any CPU.ActiveCfg = Debug|iPhone
		{3489EAE9-AF21-4441-82C9-34AE64399215}.Debug|Any CPU.Build.0 = Debug|iPhone
		{3489EAE9-AF21-4441-82C9-34AE64399215}.Debug|Any CPU.Deploy.0 = Debug|iPhone
		{3489EAE9-AF21-4441-82C9-34AE64399215}.Debug|ARM.ActiveCfg = Debug|iPhoneSimulator
		{3489EAE9-AF21-4441-82C9-34AE64399215}.Debug|ARM.Build.0 = Debug|iPhoneSimulator
		{3489EAE9-AF21-4441-82C9-34AE64399215}.Debug|ARM.Deploy.0 = Debug|iPhoneSimulator
		{3489EAE9-AF21-4441-82C9-34AE64399215}.Debug|iPhone.ActiveCfg = Debug|iPhone
		{3489EAE9-AF21-4441-82C9-34AE64399215}.Debug|iPhone.Build.0 = Debug|iPhone
		{3489EAE9-AF21-4441-82C9-34AE64399215}.Debug|iPhone.Deploy.0 = Debug|iPhone
		{3489EAE9-AF21-4441-82C9-34AE64399215}.Debug|iPhoneSimulator.ActiveCfg = Debug|iPhoneSimulator
		{3489EAE9-AF21-4441-82C9-34AE64399215}.Debug|iPhoneSimulator.Build.0 = Debug|iPhoneSimulator
		{3489EAE9-AF21-4441-82C9-34AE64399215}.Debug|iPhoneSimulator.Deploy.0 = Debug|iPhoneSimulator
		{3489EAE9-AF21-4441-82C9-34AE64399215}.Debug|x64.ActiveCfg = Debug|iPhone
		{3489EAE9-AF21-4441-82C9-34AE64399215}.Debug|x64.Build.0 = Debug|iPhone
		{3489EAE9-AF21-4441-82C9-34AE64399215}.Debug|x64.Deploy.0 = Debug|iPhone
		{3489EAE9-AF21-4441-82C9-34AE64399215}.Debug|x86.ActiveCfg = Debug|iPhone
		{3489EAE9-AF21-4441-82C9-34AE64399215}.Debug|x86.Build.0 = Debug|iPhone
		{3489EAE9-AF21-4441-82C9-34AE64399215}.Debug|x86.Deploy.0 = Debug|iPhone
		{3489EAE9-AF21-4441-82C9-34AE64399215}.Release|Any CPU.ActiveCfg = Release|iPhone
		{3489EAE9-AF21-4441-82C9-34AE64399215}.Release|Any CPU.Build.0 = Release|iPhone
		{3489EAE9-AF21-4441-82C9-34AE64399215}.Release|Any CPU.Deploy.0 = Release|iPhone
		{3489EAE9-AF21-4441-82C9-34AE64399215}.Release|ARM.ActiveCfg = Release|iPhone
		{3489EAE9-AF21-4441-82C9-34AE64399215}.Release|ARM.Build.0 = Release|iPhone
		{3489EAE9-AF21-4441-82C9-34AE64399215}.Release|ARM.Deploy.0 = Release|iPhone
		{3489EAE9-AF21-4441-82C9-34AE64399215}.Release|iPhone.ActiveCfg = Release|iPhone
		{3489EAE9-AF21-4441-82C9-34AE64399215}.Release|iPhone.Build.0 = Release|iPhone
		{3489EAE9-AF21-4441-82C9-34AE64399215}.Release|iPhone.Deploy.0 = Release|iPhone
		{3489EAE9-AF21-4441-82C9-34AE64399215}.Release|iPhoneSimulator.ActiveCfg = Release|iPhoneSimulator
		{3489EAE9-AF21-4441-82C9-34AE64399215}.Release|iPhoneSimulator.Build.0 = Release|iPhoneSimulator
		{3489EAE9-AF21-4441-82C9-34AE64399215}.Release|iPhoneSimulator.Deploy.0 = Release|iPhoneSimulator
		{3489EAE9-AF21-4441-82C9-34AE64399215}.Release|x64.ActiveCfg = Release|iPhone
		{3489EAE9-AF21-4441-82C9-34AE64399215}.Release|x64.Build.0 = Release|iPhone
		{3489EAE9-AF21-4441-82C9-34AE64399215}.Release|x64.Deploy.0 = Release|iPhone
		{3489EAE9-AF21-4441-82C9-34AE64399215}.Release|x86.ActiveCfg = Release|iPhone
		{3489EAE9-AF21-4441-82C9-34AE64399215}.Release|x86.Build.0 = Release|iPhone
		{3489EAE9-AF21-4441-82C9-34AE64399215}.Release|x86.Deploy.0 = Release|iPhone
		{5C43ACB9-7DF0-44AF-ABA6-874E02BE6FE7}.Debug|Any CPU.ActiveCfg = Debug|Any CPU
		{5C43ACB9-7DF0-44AF-ABA6-874E02BE6FE7}.Debug|Any CPU.Build.0 = Debug|Any CPU
		{5C43ACB9-7DF0-44AF-ABA6-874E02BE6FE7}.Debug|Any CPU.Deploy.0 = Debug|Any CPU
		{5C43ACB9-7DF0-44AF-ABA6-874E02BE6FE7}.Debug|ARM.ActiveCfg = Debug|Any CPU
		{5C43ACB9-7DF0-44AF-ABA6-874E02BE6FE7}.Debug|ARM.Build.0 = Debug|Any CPU
		{5C43ACB9-7DF0-44AF-ABA6-874E02BE6FE7}.Debug|ARM.Deploy.0 = Debug|Any CPU
		{5C43ACB9-7DF0-44AF-ABA6-874E02BE6FE7}.Debug|iPhone.ActiveCfg = Debug|Any CPU
		{5C43ACB9-7DF0-44AF-ABA6-874E02BE6FE7}.Debug|iPhone.Build.0 = Debug|Any CPU
		{5C43ACB9-7DF0-44AF-ABA6-874E02BE6FE7}.Debug|iPhone.Deploy.0 = Debug|Any CPU
		{5C43ACB9-7DF0-44AF-ABA6-874E02BE6FE7}.Debug|iPhoneSimulator.ActiveCfg = Debug|Any CPU
		{5C43ACB9-7DF0-44AF-ABA6-874E02BE6FE7}.Debug|iPhoneSimulator.Build.0 = Debug|Any CPU
		{5C43ACB9-7DF0-44AF-ABA6-874E02BE6FE7}.Debug|iPhoneSimulator.Deploy.0 = Debug|Any CPU
		{5C43ACB9-7DF0-44AF-ABA6-874E02BE6FE7}.Debug|x64.ActiveCfg = Debug|Any CPU
		{5C43ACB9-7DF0-44AF-ABA6-874E02BE6FE7}.Debug|x64.Build.0 = Debug|Any CPU
		{5C43ACB9-7DF0-44AF-ABA6-874E02BE6FE7}.Debug|x64.Deploy.0 = Debug|Any CPU
		{5C43ACB9-7DF0-44AF-ABA6-874E02BE6FE7}.Debug|x86.ActiveCfg = Debug|Any CPU
		{5C43ACB9-7DF0-44AF-ABA6-874E02BE6FE7}.Debug|x86.Build.0 = Debug|Any CPU
		{5C43ACB9-7DF0-44AF-ABA6-874E02BE6FE7}.Debug|x86.Deploy.0 = Debug|Any CPU
		{5C43ACB9-7DF0-44AF-ABA6-874E02BE6FE7}.Release|Any CPU.ActiveCfg = Release|Any CPU
		{5C43ACB9-7DF0-44AF-ABA6-874E02BE6FE7}.Release|Any CPU.Build.0 = Release|Any CPU
		{5C43ACB9-7DF0-44AF-ABA6-874E02BE6FE7}.Release|Any CPU.Deploy.0 = Release|Any CPU
		{5C43ACB9-7DF0-44AF-ABA6-874E02BE6FE7}.Release|ARM.ActiveCfg = Release|Any CPU
		{5C43ACB9-7DF0-44AF-ABA6-874E02BE6FE7}.Release|ARM.Build.0 = Release|Any CPU
		{5C43ACB9-7DF0-44AF-ABA6-874E02BE6FE7}.Release|ARM.Deploy.0 = Release|Any CPU
		{5C43ACB9-7DF0-44AF-ABA6-874E02BE6FE7}.Release|iPhone.ActiveCfg = Release|Any CPU
		{5C43ACB9-7DF0-44AF-ABA6-874E02BE6FE7}.Release|iPhone.Build.0 = Release|Any CPU
		{5C43ACB9-7DF0-44AF-ABA6-874E02BE6FE7}.Release|iPhone.Deploy.0 = Release|Any CPU
		{5C43ACB9-7DF0-44AF-ABA6-874E02BE6FE7}.Release|iPhoneSimulator.ActiveCfg = Release|Any CPU
		{5C43ACB9-7DF0-44AF-ABA6-874E02BE6FE7}.Release|iPhoneSimulator.Build.0 = Release|Any CPU
		{5C43ACB9-7DF0-44AF-ABA6-874E02BE6FE7}.Release|iPhoneSimulator.Deploy.0 = Release|Any CPU
		{5C43ACB9-7DF0-44AF-ABA6-874E02BE6FE7}.Release|x64.ActiveCfg = Release|Any CPU
		{5C43ACB9-7DF0-44AF-ABA6-874E02BE6FE7}.Release|x64.Build.0 = Release|Any CPU
		{5C43ACB9-7DF0-44AF-ABA6-874E02BE6FE7}.Release|x64.Deploy.0 = Release|Any CPU
		{5C43ACB9-7DF0-44AF-ABA6-874E02BE6FE7}.Release|x86.ActiveCfg = Release|Any CPU
		{5C43ACB9-7DF0-44AF-ABA6-874E02BE6FE7}.Release|x86.Build.0 = Release|Any CPU
		{5C43ACB9-7DF0-44AF-ABA6-874E02BE6FE7}.Release|x86.Deploy.0 = Release|Any CPU
	EndGlobalSection
	GlobalSection(SolutionProperties) = preSolution
		HideSolutionNode = FALSE
	EndGlobalSection
	GlobalSection(ExtensibilityGlobals) = postSolution
		SolutionGuid = {942526B1-C7F4-44E2-97C2-1EA6F90063E7}
	EndGlobalSection
EndGlobal
